<Solution>
  <Folder Name="/Solution Items/">
    <File Path="LICENSE.txt" />
    <File Path="README.md" />
  </Folder>
  <Project Path="examples/ConfigPlusExamples/ConfigPlusExamples.csproj" Id="614e5f67-fb9d-49bc-86fc-50ff35fc02af" />
  <Project Path="src/ConfigPlus/ConfigPlus.csproj" />
  <Project Path="tests/ConfigPlus.Tests/ConfigPlus.Tests.csproj" Id="af7c5d70-d21d-43ac-8f7b-fc2006661cc2" />
</Solution>
